Microsoft Visual Studio Solution File, Format Version 12.00
# Visual Studio Version 16
VisualStudioVersion = 16.0.29324.140
MinimumVisualStudioVersion = 10.0.40219.1
Project("{9A19103F-16F7-4668-BE54-9A1E7A4F7556}") = "KsCommonLibrary", "KsCommonLibrary.csproj", "{FAD29DA9-D078-0DE0-0C4D-F444F0C0F1C2}"
EndProject
Project("{9A19103F-16F7-4668-BE54-9A1E7A4F7556}") = "KsCommonLibrary.Tests", "Tests\KsCommonLibrary.Tests.csproj", "{FB92D3B0-0FED-04BA-0EB3-3420575A8E9E}"
EndProject
Project("{9A19103F-16F7-4668-BE54-9A1E7A4F7556}") = "KsCommonLibrary.ConsoleTests", "ConsoleTests\KsCommonLibrary.ConsoleTests.csproj", "{AED3E86B-8A09-0086-2156-0FF0C796DD5E}"
EndProject
Project("{9A19103F-16F7-4668-BE54-9A1E7A4F7556}") = "KsCommonLibrary.UI", "UI\KsCommonLibrary.UI.csproj", "{C0664468-EBE4-4B46-A3CA-CAE8FA9A9844}"
EndProject
Project("{9A19103F-16F7-4668-BE54-9A1E7A4F7556}") = "KsCommonLibrary.Heavy", "Heavy\KsCommonLibrary.Heavy.csproj", "{91F47C28-1EF2-4592-AFF8-15E4421F0E46}"
EndProject
Project("{2150E333-8FDC-42A3-9474-1A3956D46DE8}") = "UI", "UI", "{BF98D729-7A89-4A08-981C-1C97805AB72C}"
EndProject
Project("{2150E333-8FDC-42A3-9474-1A3956D46DE8}") = "Base", "Base", "{7A8EF759-DF9C-417D-B2E8-4312D59C06D1}"
EndProject
Project("{2150E333-8FDC-42A3-9474-1A3956D46DE8}") = "Test", "Test", "{D6684F68-5C9C-43E2-AF6D-3CD034F66876}"
EndProject
Project("{9A19103F-16F7-4668-BE54-9A1E7A4F7556}") = "KsCommonLibrary.WinForms", "UI\WinForms\KsCommonLibrary.WinForms.csproj", "{9F13DCCA-13C5-42B7-9219-6F5CAA57C3E3}"
EndProject
Project("{9A19103F-16F7-4668-BE54-9A1E7A4F7556}") = "KsCommonLibrary.WPF", "UI\WPF\KsCommonLibrary.WPF.csproj", "{A43D1B8C-1430-4B1E-B87C-B4835C9929B9}"
EndProject
Project("{2150E333-8FDC-42A3-9474-1A3956D46DE8}") = "Other", "Other", "{FD52B310-8429-4AE2-93BF-F102FE64AD91}"
EndProject
Project("{9A19103F-16F7-4668-BE54-9A1E7A4F7556}") = "KsCommonLibrary.Windows", "Windows\KsCommonLibrary.Windows.csproj", "{388FB087-8AA7-4A07-844E-CC1656BFE81E}"
EndProject
Project("{9A19103F-16F7-4668-BE54-9A1E7A4F7556}") = "KsCommonLibrary.WindowsTests", "WindowsTests\KsCommonLibrary.WindowsTests.csproj", "{BFE0BB7D-36DF-4125-858C-AED33EB05CB9}"
EndProject
Global
	GlobalSection(SolutionConfigurationPlatforms) = preSolution
		Debug|Any CPU = Debug|Any CPU
		Debug|x86 = Debug|x86
		DesignSimulate|Any CPU = DesignSimulate|Any CPU
		DesignSimulate|x86 = DesignSimulate|x86
		Release|Any CPU = Release|Any CPU
		Release|x86 = Release|x86
	EndGlobalSection
	GlobalSection(ProjectConfigurationPlatforms) = postSolution
		{FAD29DA9-D078-0DE0-0C4D-F444F0C0F1C2}.Debug|Any CPU.ActiveCfg = Debug|Any CPU
		{FAD29DA9-D078-0DE0-0C4D-F444F0C0F1C2}.Debug|Any CPU.Build.0 = Debug|Any CPU
		{FAD29DA9-D078-0DE0-0C4D-F444F0C0F1C2}.Debug|x86.ActiveCfg = Debug|Any CPU
		{FAD29DA9-D078-0DE0-0C4D-F444F0C0F1C2}.Debug|x86.Build.0 = Debug|Any CPU
		{FAD29DA9-D078-0DE0-0C4D-F444F0C0F1C2}.DesignSimulate|Any CPU.ActiveCfg = DesignSimulate|Any CPU
		{FAD29DA9-D078-0DE0-0C4D-F444F0C0F1C2}.DesignSimulate|Any CPU.Build.0 = DesignSimulate|Any CPU
		{FAD29DA9-D078-0DE0-0C4D-F444F0C0F1C2}.DesignSimulate|x86.ActiveCfg = DesignSimulate|Any CPU
		{FAD29DA9-D078-0DE0-0C4D-F444F0C0F1C2}.DesignSimulate|x86.Build.0 = DesignSimulate|Any CPU
		{FAD29DA9-D078-0DE0-0C4D-F444F0C0F1C2}.Release|Any CPU.ActiveCfg = Release|Any CPU
		{FAD29DA9-D078-0DE0-0C4D-F444F0C0F1C2}.Release|Any CPU.Build.0 = Release|Any CPU
		{FAD29DA9-D078-0DE0-0C4D-F444F0C0F1C2}.Release|x86.ActiveCfg = Release|Any CPU
		{FAD29DA9-D078-0DE0-0C4D-F444F0C0F1C2}.Release|x86.Build.0 = Release|Any CPU
		{FB92D3B0-0FED-04BA-0EB3-3420575A8E9E}.Debug|Any CPU.ActiveCfg = Debug|Any CPU
		{FB92D3B0-0FED-04BA-0EB3-3420575A8E9E}.Debug|Any CPU.Build.0 = Debug|Any CPU
		{FB92D3B0-0FED-04BA-0EB3-3420575A8E9E}.Debug|x86.ActiveCfg = Debug|Any CPU
		{FB92D3B0-0FED-04BA-0EB3-3420575A8E9E}.Debug|x86.Build.0 = Debug|Any CPU
		{FB92D3B0-0FED-04BA-0EB3-3420575A8E9E}.DesignSimulate|Any CPU.ActiveCfg = Debug|Any CPU
		{FB92D3B0-0FED-04BA-0EB3-3420575A8E9E}.DesignSimulate|Any CPU.Build.0 = Debug|Any CPU
		{FB92D3B0-0FED-04BA-0EB3-3420575A8E9E}.DesignSimulate|x86.ActiveCfg = Debug|Any CPU
		{FB92D3B0-0FED-04BA-0EB3-3420575A8E9E}.DesignSimulate|x86.Build.0 = Debug|Any CPU
		{FB92D3B0-0FED-04BA-0EB3-3420575A8E9E}.Release|Any CPU.ActiveCfg = Release|Any CPU
		{FB92D3B0-0FED-04BA-0EB3-3420575A8E9E}.Release|Any CPU.Build.0 = Release|Any CPU
		{FB92D3B0-0FED-04BA-0EB3-3420575A8E9E}.Release|x86.ActiveCfg = Release|Any CPU
		{FB92D3B0-0FED-04BA-0EB3-3420575A8E9E}.Release|x86.Build.0 = Release|Any CPU
		{AED3E86B-8A09-0086-2156-0FF0C796DD5E}.Debug|Any CPU.ActiveCfg = Debug|Any CPU
		{AED3E86B-8A09-0086-2156-0FF0C796DD5E}.Debug|Any CPU.Build.0 = Debug|Any CPU
		{AED3E86B-8A09-0086-2156-0FF0C796DD5E}.Debug|x86.ActiveCfg = Debug|Any CPU
		{AED3E86B-8A09-0086-2156-0FF0C796DD5E}.Debug|x86.Build.0 = Debug|Any CPU
		{AED3E86B-8A09-0086-2156-0FF0C796DD5E}.DesignSimulate|Any CPU.ActiveCfg = Debug|Any CPU
		{AED3E86B-8A09-0086-2156-0FF0C796DD5E}.DesignSimulate|Any CPU.Build.0 = Debug|Any CPU
		{AED3E86B-8A09-0086-2156-0FF0C796DD5E}.DesignSimulate|x86.ActiveCfg = Debug|Any CPU
		{AED3E86B-8A09-0086-2156-0FF0C796DD5E}.DesignSimulate|x86.Build.0 = Debug|Any CPU
		{AED3E86B-8A09-0086-2156-0FF0C796DD5E}.Release|Any CPU.ActiveCfg = Release|Any CPU
		{AED3E86B-8A09-0086-2156-0FF0C796DD5E}.Release|Any CPU.Build.0 = Release|Any CPU
		{AED3E86B-8A09-0086-2156-0FF0C796DD5E}.Release|x86.ActiveCfg = Release|Any CPU
		{AED3E86B-8A09-0086-2156-0FF0C796DD5E}.Release|x86.Build.0 = Release|Any CPU
		{C0664468-EBE4-4B46-A3CA-CAE8FA9A9844}.Debug|Any CPU.ActiveCfg = Debug|Any CPU
		{C0664468-EBE4-4B46-A3CA-CAE8FA9A9844}.Debug|Any CPU.Build.0 = Debug|Any CPU
		{C0664468-EBE4-4B46-A3CA-CAE8FA9A9844}.Debug|x86.ActiveCfg = Debug|Any CPU
		{C0664468-EBE4-4B46-A3CA-CAE8FA9A9844}.Debug|x86.Build.0 = Debug|Any CPU
		{C0664468-EBE4-4B46-A3CA-CAE8FA9A9844}.DesignSimulate|Any CPU.ActiveCfg = Debug|Any CPU
		{C0664468-EBE4-4B46-A3CA-CAE8FA9A9844}.DesignSimulate|Any CPU.Build.0 = Debug|Any CPU
		{C0664468-EBE4-4B46-A3CA-CAE8FA9A9844}.DesignSimulate|x86.ActiveCfg = Debug|Any CPU
		{C0664468-EBE4-4B46-A3CA-CAE8FA9A9844}.DesignSimulate|x86.Build.0 = Debug|Any CPU
		{C0664468-EBE4-4B46-A3CA-CAE8FA9A9844}.Release|Any CPU.ActiveCfg = Release|Any CPU
		{C0664468-EBE4-4B46-A3CA-CAE8FA9A9844}.Release|Any CPU.Build.0 = Release|Any CPU
		{C0664468-EBE4-4B46-A3CA-CAE8FA9A9844}.Release|x86.ActiveCfg = Release|Any CPU
		{C0664468-EBE4-4B46-A3CA-CAE8FA9A9844}.Release|x86.Build.0 = Release|Any CPU
		{91F47C28-1EF2-4592-AFF8-15E4421F0E46}.Debug|Any CPU.ActiveCfg = Debug|Any CPU
		{91F47C28-1EF2-4592-AFF8-15E4421F0E46}.Debug|Any CPU.Build.0 = Debug|Any CPU
		{91F47C28-1EF2-4592-AFF8-15E4421F0E46}.Debug|x86.ActiveCfg = Debug|Any CPU
		{91F47C28-1EF2-4592-AFF8-15E4421F0E46}.Debug|x86.Build.0 = Debug|Any CPU
		{91F47C28-1EF2-4592-AFF8-15E4421F0E46}.DesignSimulate|Any CPU.ActiveCfg = Debug|Any CPU
		{91F47C28-1EF2-4592-AFF8-15E4421F0E46}.DesignSimulate|Any CPU.Build.0 = Debug|Any CPU
		{91F47C28-1EF2-4592-AFF8-15E4421F0E46}.DesignSimulate|x86.ActiveCfg = Debug|Any CPU
		{91F47C28-1EF2-4592-AFF8-15E4421F0E46}.DesignSimulate|x86.Build.0 = Debug|Any CPU
		{91F47C28-1EF2-4592-AFF8-15E4421F0E46}.Release|Any CPU.ActiveCfg = Release|Any CPU
		{91F47C28-1EF2-4592-AFF8-15E4421F0E46}.Release|Any CPU.Build.0 = Release|Any CPU
		{91F47C28-1EF2-4592-AFF8-15E4421F0E46}.Release|x86.ActiveCfg = Release|Any CPU
		{91F47C28-1EF2-4592-AFF8-15E4421F0E46}.Release|x86.Build.0 = Release|Any CPU
		{9F13DCCA-13C5-42B7-9219-6F5CAA57C3E3}.Debug|Any CPU.ActiveCfg = Debug|Any CPU
		{9F13DCCA-13C5-42B7-9219-6F5CAA57C3E3}.Debug|Any CPU.Build.0 = Debug|Any CPU
		{9F13DCCA-13C5-42B7-9219-6F5CAA57C3E3}.Debug|x86.ActiveCfg = Debug|Any CPU
		{9F13DCCA-13C5-42B7-9219-6F5CAA57C3E3}.Debug|x86.Build.0 = Debug|Any CPU
		{9F13DCCA-13C5-42B7-9219-6F5CAA57C3E3}.DesignSimulate|Any CPU.ActiveCfg = Debug|Any CPU
		{9F13DCCA-13C5-42B7-9219-6F5CAA57C3E3}.DesignSimulate|Any CPU.Build.0 = Debug|Any CPU
		{9F13DCCA-13C5-42B7-9219-6F5CAA57C3E3}.DesignSimulate|x86.ActiveCfg = Debug|Any CPU
		{9F13DCCA-13C5-42B7-9219-6F5CAA57C3E3}.DesignSimulate|x86.Build.0 = Debug|Any CPU
		{9F13DCCA-13C5-42B7-9219-6F5CAA57C3E3}.Release|Any CPU.ActiveCfg = Release|Any CPU
		{9F13DCCA-13C5-42B7-9219-6F5CAA57C3E3}.Release|Any CPU.Build.0 = Release|Any CPU
		{9F13DCCA-13C5-42B7-9219-6F5CAA57C3E3}.Release|x86.ActiveCfg = Release|Any CPU
		{9F13DCCA-13C5-42B7-9219-6F5CAA57C3E3}.Release|x86.Build.0 = Release|Any CPU
		{A43D1B8C-1430-4B1E-B87C-B4835C9929B9}.Debug|Any CPU.ActiveCfg = Debug|Any CPU
		{A43D1B8C-1430-4B1E-B87C-B4835C9929B9}.Debug|Any CPU.Build.0 = Debug|Any CPU
		{A43D1B8C-1430-4B1E-B87C-B4835C9929B9}.Debug|x86.ActiveCfg = Debug|Any CPU
		{A43D1B8C-1430-4B1E-B87C-B4835C9929B9}.Debug|x86.Build.0 = Debug|Any CPU
		{A43D1B8C-1430-4B1E-B87C-B4835C9929B9}.DesignSimulate|Any CPU.ActiveCfg = Debug|Any CPU
		{A43D1B8C-1430-4B1E-B87C-B4835C9929B9}.DesignSimulate|Any CPU.Build.0 = Debug|Any CPU
		{A43D1B8C-1430-4B1E-B87C-B4835C9929B9}.DesignSimulate|x86.ActiveCfg = Debug|Any CPU
		{A43D1B8C-1430-4B1E-B87C-B4835C9929B9}.DesignSimulate|x86.Build.0 = Debug|Any CPU
		{A43D1B8C-1430-4B1E-B87C-B4835C9929B9}.Release|Any CPU.ActiveCfg = Release|Any CPU
		{A43D1B8C-1430-4B1E-B87C-B4835C9929B9}.Release|Any CPU.Build.0 = Release|Any CPU
		{A43D1B8C-1430-4B1E-B87C-B4835C9929B9}.Release|x86.ActiveCfg = Release|Any CPU
		{A43D1B8C-1430-4B1E-B87C-B4835C9929B9}.Release|x86.Build.0 = Release|Any CPU
		{388FB087-8AA7-4A07-844E-CC1656BFE81E}.Debug|Any CPU.ActiveCfg = Debug|Any CPU
		{388FB087-8AA7-4A07-844E-CC1656BFE81E}.Debug|Any CPU.Build.0 = Debug|Any CPU
		{388FB087-8AA7-4A07-844E-CC1656BFE81E}.Debug|x86.ActiveCfg = Debug|Any CPU
		{388FB087-8AA7-4A07-844E-CC1656BFE81E}.Debug|x86.Build.0 = Debug|Any CPU
		{388FB087-8AA7-4A07-844E-CC1656BFE81E}.DesignSimulate|Any CPU.ActiveCfg = Debug|Any CPU
		{388FB087-8AA7-4A07-844E-CC1656BFE81E}.DesignSimulate|Any CPU.Build.0 = Debug|Any CPU
		{388FB087-8AA7-4A07-844E-CC1656BFE81E}.DesignSimulate|x86.ActiveCfg = Debug|Any CPU
		{388FB087-8AA7-4A07-844E-CC1656BFE81E}.DesignSimulate|x86.Build.0 = Debug|Any CPU
		{388FB087-8AA7-4A07-844E-CC1656BFE81E}.Release|Any CPU.ActiveCfg = Release|Any CPU
		{388FB087-8AA7-4A07-844E-CC1656BFE81E}.Release|Any CPU.Build.0 = Release|Any CPU
		{388FB087-8AA7-4A07-844E-CC1656BFE81E}.Release|x86.ActiveCfg = Release|Any CPU
		{388FB087-8AA7-4A07-844E-CC1656BFE81E}.Release|x86.Build.0 = Release|Any CPU
		{BFE0BB7D-36DF-4125-858C-AED33EB05CB9}.Debug|Any CPU.ActiveCfg = Debug|Any CPU
		{BFE0BB7D-36DF-4125-858C-AED33EB05CB9}.Debug|Any CPU.Build.0 = Debug|Any CPU
		{BFE0BB7D-36DF-4125-858C-AED33EB05CB9}.Debug|x86.ActiveCfg = Debug|Any CPU
		{BFE0BB7D-36DF-4125-858C-AED33EB05CB9}.Debug|x86.Build.0 = Debug|Any CPU
		{BFE0BB7D-36DF-4125-858C-AED33EB05CB9}.DesignSimulate|Any CPU.ActiveCfg = Debug|Any CPU
		{BFE0BB7D-36DF-4125-858C-AED33EB05CB9}.DesignSimulate|Any CPU.Build.0 = Debug|Any CPU
		{BFE0BB7D-36DF-4125-858C-AED33EB05CB9}.DesignSimulate|x86.ActiveCfg = Debug|Any CPU
		{BFE0BB7D-36DF-4125-858C-AED33EB05CB9}.DesignSimulate|x86.Build.0 = Debug|Any CPU
		{BFE0BB7D-36DF-4125-858C-AED33EB05CB9}.Release|Any CPU.ActiveCfg = Release|Any CPU
		{BFE0BB7D-36DF-4125-858C-AED33EB05CB9}.Release|Any CPU.Build.0 = Release|Any CPU
		{BFE0BB7D-36DF-4125-858C-AED33EB05CB9}.Release|x86.ActiveCfg = Release|Any CPU
		{BFE0BB7D-36DF-4125-858C-AED33EB05CB9}.Release|x86.Build.0 = Release|Any CPU
	EndGlobalSection
	GlobalSection(SolutionProperties) = preSolution
		HideSolutionNode = FALSE
	EndGlobalSection
	GlobalSection(NestedProjects) = preSolution
		{FAD29DA9-D078-0DE0-0C4D-F444F0C0F1C2} = {7A8EF759-DF9C-417D-B2E8-4312D59C06D1}
		{FB92D3B0-0FED-04BA-0EB3-3420575A8E9E} = {D6684F68-5C9C-43E2-AF6D-3CD034F66876}
		{AED3E86B-8A09-0086-2156-0FF0C796DD5E} = {D6684F68-5C9C-43E2-AF6D-3CD034F66876}
		{C0664468-EBE4-4B46-A3CA-CAE8FA9A9844} = {BF98D729-7A89-4A08-981C-1C97805AB72C}
		{91F47C28-1EF2-4592-AFF8-15E4421F0E46} = {7A8EF759-DF9C-417D-B2E8-4312D59C06D1}
		{9F13DCCA-13C5-42B7-9219-6F5CAA57C3E3} = {BF98D729-7A89-4A08-981C-1C97805AB72C}
		{A43D1B8C-1430-4B1E-B87C-B4835C9929B9} = {BF98D729-7A89-4A08-981C-1C97805AB72C}
		{388FB087-8AA7-4A07-844E-CC1656BFE81E} = {FD52B310-8429-4AE2-93BF-F102FE64AD91}
		{BFE0BB7D-36DF-4125-858C-AED33EB05CB9} = {D6684F68-5C9C-43E2-AF6D-3CD034F66876}
	EndGlobalSection
	GlobalSection(ExtensibilityGlobals) = postSolution
		SolutionGuid = {CBE5A6A6-3E56-460B-B717-4AD470DD3524}
	EndGlobalSection
EndGlobal
